
Microsoft Visual Studio Solution File, Format Version 12.00
# Visual Studio Version 17
VisualStudioVersion = 17.4.33213.308
MinimumVisualStudioVersion = 10.0.40219.1
Project("{FAE04EC0-301F-11D3-BF4B-00C04F79EFBC}") = "Semana01_exercicio03", "Semana01_exercicio03\Semana01_exercicio03.csproj", "{C76909C3-C2C1-4D22-B6FD-363F4C3B5C9C}"
EndProject
Global
	GlobalSection(SolutionConfigurationPlatforms) = preSolution
		Debug|Any CPU = Debug|Any CPU
		Release|Any CPU = Release|Any CPU
	EndGlobalSection
	GlobalSection(ProjectConfigurationPlatforms) = postSolution
		{C76909C3-C2C1-4D22-B6FD-363F4C3B5C9C}.Debug|Any CPU.ActiveCfg = Debug|Any CPU
		{C76909C3-C2C1-4D22-B6FD-363F4C3B5C9C}.Debug|Any CPU.Build.0 = Debug|Any CPU
		{C76909C3-C2C1-4D22-B6FD-363F4C3B5C9C}.Release|Any CPU.ActiveCfg = Release|Any CPU
		{C76909C3-C2C1-4D22-B6FD-363F4C3B5C9C}.Release|Any CPU.Build.0 = Release|Any CPU
	EndGlobalSection
	GlobalSection(SolutionProperties) = preSolution
		HideSolutionNode = FALSE
	EndGlobalSection
	GlobalSection(ExtensibilityGlobals) = postSolution
		SolutionGuid = {F15B8F5A-7934-4070-B33F-2874A0D7EEAE}
	EndGlobalSection
EndGlobal
